
Microsoft Visual Studio Solution File, Format Version 12.00
# Visual Studio Version 17
VisualStudioVersion = 17.0.31912.275
MinimumVisualStudioVersion = 10.0.40219.1
Project("{2150E333-8FDC-42A3-9474-1A3956D46DE8}") = "Src", "Src", "{3443D027-C025-475A-8114-40D668565CC8}"
EndProject
Project("{2150E333-8FDC-42A3-9474-1A3956D46DE8}") = "Commons", "Commons", "{2B2B30B1-7EC4-425B-AFBF-C4DC93D4526F}"
EndProject
Project("{2150E333-8FDC-42A3-9474-1A3956D46DE8}") = "Core", "Core", "{2FB35643-1E41-4A20-8B73-46E24B1D1CC2}"
EndProject
Project("{2150E333-8FDC-42A3-9474-1A3956D46DE8}") = "Infrastructures", "Infrastructures", "{FD1971E2-A226-43B5-93FB-441B9E5D8631}"
EndProject
Project("{2150E333-8FDC-42A3-9474-1A3956D46DE8}") = "Presentation", "Presentation", "{184B1DFD-8E3C-4835-83D9-4A87029F48CC}"
EndProject
Project("{FAE04EC0-301F-11D3-BF4B-00C04F79EFBC}") = "Common", "Common\Common.csproj", "{AFB5EFCB-1FD8-4A25-8057-15E03A622410}"
EndProject
Project("{FAE04EC0-301F-11D3-BF4B-00C04F79EFBC}") = "Application", "Application\Application.csproj", "{00378EC2-2E8F-4905-9FD6-245D730E48BE}"
EndProject
Project("{FAE04EC0-301F-11D3-BF4B-00C04F79EFBC}") = "Domain", "Domain\Domain.csproj", "{88A68C0D-50A2-410B-999A-C1F461E80298}"
EndProject
Project("{FAE04EC0-301F-11D3-BF4B-00C04F79EFBC}") = "Infrastructure", "Infrastructure\Infrastructure.csproj", "{CBA6231A-1B4A-480B-9BCF-76BF1A9203E3}"
EndProject
Project("{FAE04EC0-301F-11D3-BF4B-00C04F79EFBC}") = "Persistance", "Persistance\Persistance.csproj", "{5856D0EB-7560-435C-A802-4B6C1699A67D}"
EndProject
Project("{FAE04EC0-301F-11D3-BF4B-00C04F79EFBC}") = "EndPoint", "EndPoint\EndPoint.csproj", "{0D9CAAEF-548A-42C9-B04E-3CBDC4A351E8}"
EndProject
Global
	GlobalSection(SolutionConfigurationPlatforms) = preSolution
		Debug|Any CPU = Debug|Any CPU
		Release|Any CPU = Release|Any CPU
	EndGlobalSection
	GlobalSection(ProjectConfigurationPlatforms) = postSolution
		{AFB5EFCB-1FD8-4A25-8057-15E03A622410}.Debug|Any CPU.ActiveCfg = Debug|Any CPU
		{AFB5EFCB-1FD8-4A25-8057-15E03A622410}.Debug|Any CPU.Build.0 = Debug|Any CPU
		{AFB5EFCB-1FD8-4A25-8057-15E03A622410}.Release|Any CPU.ActiveCfg = Release|Any CPU
		{AFB5EFCB-1FD8-4A25-8057-15E03A622410}.Release|Any CPU.Build.0 = Release|Any CPU
		{00378EC2-2E8F-4905-9FD6-245D730E48BE}.Debug|Any CPU.ActiveCfg = Debug|Any CPU
		{00378EC2-2E8F-4905-9FD6-245D730E48BE}.Debug|Any CPU.Build.0 = Debug|Any CPU
		{00378EC2-2E8F-4905-9FD6-245D730E48BE}.Release|Any CPU.ActiveCfg = Release|Any CPU
		{00378EC2-2E8F-4905-9FD6-245D730E48BE}.Release|Any CPU.Build.0 = Release|Any CPU
		{88A68C0D-50A2-410B-999A-C1F461E80298}.Debug|Any CPU.ActiveCfg = Debug|Any CPU
		{88A68C0D-50A2-410B-999A-C1F461E80298}.Debug|Any CPU.Build.0 = Debug|Any CPU
		{88A68C0D-50A2-410B-999A-C1F461E80298}.Release|Any CPU.ActiveCfg = Release|Any CPU
		{88A68C0D-50A2-410B-999A-C1F461E80298}.Release|Any CPU.Build.0 = Release|Any CPU
		{CBA6231A-1B4A-480B-9BCF-76BF1A9203E3}.Debug|Any CPU.ActiveCfg = Debug|Any CPU
		{CBA6231A-1B4A-480B-9BCF-76BF1A9203E3}.Debug|Any CPU.Build.0 = Debug|Any CPU
		{CBA6231A-1B4A-480B-9BCF-76BF1A9203E3}.Release|Any CPU.ActiveCfg = Release|Any CPU
		{CBA6231A-1B4A-480B-9BCF-76BF1A9203E3}.Release|Any CPU.Build.0 = Release|Any CPU
		{5856D0EB-7560-435C-A802-4B6C1699A67D}.Debug|Any CPU.ActiveCfg = Debug|Any CPU
		{5856D0EB-7560-435C-A802-4B6C1699A67D}.Debug|Any CPU.Build.0 = Debug|Any CPU
		{5856D0EB-7560-435C-A802-4B6C1699A67D}.Release|Any CPU.ActiveCfg = Release|Any CPU
		{5856D0EB-7560-435C-A802-4B6C1699A67D}.Release|Any CPU.Build.0 = Release|Any CPU
		{0D9CAAEF-548A-42C9-B04E-3CBDC4A351E8}.Debug|Any CPU.ActiveCfg = Debug|Any CPU
		{0D9CAAEF-548A-42C9-B04E-3CBDC4A351E8}.Debug|Any CPU.Build.0 = Debug|Any CPU
		{0D9CAAEF-548A-42C9-B04E-3CBDC4A351E8}.Release|Any CPU.ActiveCfg = Release|Any CPU
		{0D9CAAEF-548A-42C9-B04E-3CBDC4A351E8}.Release|Any CPU.Build.0 = Release|Any CPU
	EndGlobalSection
	GlobalSection(SolutionProperties) = preSolution
		HideSolutionNode = FALSE
	EndGlobalSection
	GlobalSection(NestedProjects) = preSolution
		{2B2B30B1-7EC4-425B-AFBF-C4DC93D4526F} = {3443D027-C025-475A-8114-40D668565CC8}
		{2FB35643-1E41-4A20-8B73-46E24B1D1CC2} = {3443D027-C025-475A-8114-40D668565CC8}
		{FD1971E2-A226-43B5-93FB-441B9E5D8631} = {3443D027-C025-475A-8114-40D668565CC8}
		{184B1DFD-8E3C-4835-83D9-4A87029F48CC} = {3443D027-C025-475A-8114-40D668565CC8}
		{AFB5EFCB-1FD8-4A25-8057-15E03A622410} = {2B2B30B1-7EC4-425B-AFBF-C4DC93D4526F}
		{00378EC2-2E8F-4905-9FD6-245D730E48BE} = {2FB35643-1E41-4A20-8B73-46E24B1D1CC2}
		{88A68C0D-50A2-410B-999A-C1F461E80298} = {2FB35643-1E41-4A20-8B73-46E24B1D1CC2}
		{CBA6231A-1B4A-480B-9BCF-76BF1A9203E3} = {FD1971E2-A226-43B5-93FB-441B9E5D8631}
		{5856D0EB-7560-435C-A802-4B6C1699A67D} = {FD1971E2-A226-43B5-93FB-441B9E5D8631}
		{0D9CAAEF-548A-42C9-B04E-3CBDC4A351E8} = {184B1DFD-8E3C-4835-83D9-4A87029F48CC}
	EndGlobalSection
	GlobalSection(ExtensibilityGlobals) = postSolution
		SolutionGuid = {5CBDC0E8-65D1-4E23-B75D-D3E6DB2F58FE}
	EndGlobalSection
EndGlobal
